{
  "name": "root",
  "lockfileVersion": 3,
  "requires": true,
  "packages": {
    "": {
      "name": "root",
      "workspaces": ["packages/*"]
    },
    "packages/pkg-a": {
      "name": "pkg-a",
      "version": "1.0.0",
      "dependencies": { "lodash": "^4.17.21" }
    },
    "packages/pkg-b": {
      "name": "pkg-b",
      "version": "1.0.0",
      "dependencies": { "is-odd": "^3.0.1" }
    },
    "node_modules/lodash": {
      "version": "4.17.21",
      "resolved": "https://registry.npmjs.org/lodash/-/lodash-4.17.21.tgz"
    },
    "node_modules/is-odd": {
      "version": "3.0.1",
      "dependencies": { "is-number": "^6.0.0" }
    },
    "node_modules/is-number": {
      "version": "6.0.0"
    }
  }
}
